dependencies:
  espressif/mdns:
    component_hash: 810ec139689ae93bf42520d05de4855fbb68f7140ef67797d91d8d61829589cb
    source:
      service_url: https://api.components.espressif.com/
      type: service
    version: 1.2.2
  idf:
    component_hash: null
    source:
      type: idf
    version: 5.3.1
manifest_hash: 6bbe0a67f78637a49340ef9d57e40c4eeb77e0c2b459f7323bb5bfb2f76d9452
target: esp32
version: 1.0.0
